
Microsoft Visual Studio Solution File, Format Version 12.00
# Visual Studio Version 17
VisualStudioVersion = 17.6.33723.286
MinimumVisualStudioVersion = 10.0.40219.1
Project("{FAE04EC0-301F-11D3-BF4B-00C04F79EFBC}") = "OldOne'sQuest", "OldOne'sQuest\OldOne'sQuest.csproj", "{ECE84B09-E4E1-472E-9EB9-D77CCA3C6116}"
EndProject
Global
	GlobalSection(SolutionConfigurationPlatforms) = preSolution
		Debug|Any CPU = Debug|Any CPU
		Release|Any CPU = Release|Any CPU
	EndGlobalSection
	GlobalSection(ProjectConfigurationPlatforms) = postSolution
		{ECE84B09-E4E1-472E-9EB9-D77CCA3C6116}.Debug|Any CPU.ActiveCfg = Debug|Any CPU
		{ECE84B09-E4E1-472E-9EB9-D77CCA3C6116}.Debug|Any CPU.Build.0 = Debug|Any CPU
		{ECE84B09-E4E1-472E-9EB9-D77CCA3C6116}.Release|Any CPU.ActiveCfg = Release|Any CPU
		{ECE84B09-E4E1-472E-9EB9-D77CCA3C6116}.Release|Any CPU.Build.0 = Release|Any CPU
	EndGlobalSection
	GlobalSection(SolutionProperties) = preSolution
		HideSolutionNode = FALSE
	EndGlobalSection
	GlobalSection(ExtensibilityGlobals) = postSolution
		SolutionGuid = {63F25D1F-2BC9-44EC-AEBA-CB48DD5745BA}
	EndGlobalSection
EndGlobal
